
Microsoft Visual Studio Solution File, Format Version 12.00
# Visual Studio 15
VisualStudioVersion = 15.0.27130.2026
MinimumVisualStudioVersion = 10.0.40219.1
Project("{FAE04EC0-301F-11D3-BF4B-00C04F79EFBC}") = "WPF_LogicSimulation", "WPF_LogicSimulation.csproj", "{DEC7A282-9EF2-4CAC-B4C8-90A46E6004D4}"
EndProject
Global
	GlobalSection(SolutionConfigurationPlatforms) = preSolution
		Debug|Any CPU = Debug|Any CPU
		Release|Any CPU = Release|Any CPU
	EndGlobalSection
	GlobalSection(ProjectConfigurationPlatforms) = postSolution
		{DEC7A282-9EF2-4CAC-B4C8-90A46E6004D4}.Debug|Any CPU.ActiveCfg = Debug|Any CPU
		{DEC7A282-9EF2-4CAC-B4C8-90A46E6004D4}.Debug|Any CPU.Build.0 = Debug|Any CPU
		{DEC7A282-9EF2-4CAC-B4C8-90A46E6004D4}.Release|Any CPU.ActiveCfg = Release|Any CPU
		{DEC7A282-9EF2-4CAC-B4C8-90A46E6004D4}.Release|Any CPU.Build.0 = Release|Any CPU
	EndGlobalSection
	GlobalSection(SolutionProperties) = preSolution
		HideSolutionNode = FALSE
	EndGlobalSection
	GlobalSection(ExtensibilityGlobals) = postSolution
		SolutionGuid = {AEF3C212-A88A-43E0-A0B0-EC5EF6163557}
	EndGlobalSection
EndGlobal
